// !$*UTF8*$!
{
	archiveVersion = 1;
	classes = {
	};
	objectVersion = 55;
	objects = {

/* Begin PBXBuildFile section */
		0921DF4F285B3A4B00EFDAF7 /* CacheImage.swift in Sources */ = {isa = PBXBuildFile; fileRef = 0921DF4E285B3A4B00EFDAF7 /* CacheImage.swift */; };
		0921DF52285CD1EA00EFDAF7 /* CacheWork.swift in Sources */ = {isa = PBXBuildFile; fileRef = 0921DF51285CD1EA00EFDAF7 /* CacheWork.swift */; };
		0921DF54285CD20D00EFDAF7 /* ObservableBox.swift in Sources */ = {isa = PBXBuildFile; fileRef = 0921DF53285CD20D00EFDAF7 /* ObservableBox.swift */; };
		0921DF56285CD31700EFDAF7 /* LoadingCell.swift in Sources */ = {isa = PBXBuildFile; fileRef = 0921DF55285CD31700EFDAF7 /* LoadingCell.swift */; };
		0921DF5A285F587900EFDAF7 /* DetailGameViewController.swift in Sources */ = {isa = PBXBuildFile; fileRef = 0921DF59285F587900EFDAF7 /* DetailGameViewController.swift */; };
		0921DF5D2860FF6D00EFDAF7 /* DetailGameViewModel.swift in Sources */ = {isa = PBXBuildFile; fileRef = 0921DF5C2860FF6D00EFDAF7 /* DetailGameViewModel.swift */; };
		0921DF5F2860FF7900EFDAF7 /* DetailGameViewModelProtocol.swift in Sources */ = {isa = PBXBuildFile; fileRef = 0921DF5E2860FF7900EFDAF7 /* DetailGameViewModelProtocol.swift */; };
		0921DF622863116A00EFDAF7 /* MainTableViewModelProtocol.swift in Sources */ = {isa = PBXBuildFile; fileRef = 0921DF612863116A00EFDAF7 /* MainTableViewModelProtocol.swift */; };
		0921DF64286311B400EFDAF7 /* CellViewModelProtocol.swift in Sources */ = {isa = PBXBuildFile; fileRef = 0921DF63286311B400EFDAF7 /* CellViewModelProtocol.swift */; };
		096898412858DB5500E8874F /* AppDelegate.swift in Sources */ = {isa = PBXBuildFile; fileRef = 096898402858DB5500E8874F /* AppDelegate.swift */; };
		096898432858DB5500E8874F /* SceneDelegate.swift in Sources */ = {isa = PBXBuildFile; fileRef = 096898422858DB5500E8874F /* SceneDelegate.swift */; };
		096898452858DB5500E8874F /* MainTableViewController.swift in Sources */ = {isa = PBXBuildFile; fileRef = 096898442858DB5500E8874F /* MainTableViewController.swift */; };
		0968984A2858DB5600E8874F /* Assets.xcassets in Resources */ = {isa = PBXBuildFile; fileRef = 096898492858DB5600E8874F /* Assets.xcassets */; };
		0968984D2858DB5600E8874F /* LaunchScreen.storyboard in Resources */ = {isa = PBXBuildFile; fileRef = 0968984B2858DB5600E8874F /* LaunchScreen.storyboard */; };
		096898582858DB5600E8874F /* FilmoGraphTests.swift in Sources */ = {isa = PBXBuildFile; fileRef = 096898572858DB5600E8874F /* FilmoGraphTests.swift */; };
		096898622858DB5600E8874F /* FilmoGraphUITests.swift in Sources */ = {isa = PBXBuildFile; fileRef = 096898612858DB5600E8874F /* FilmoGraphUITests.swift */; };
		096898642858DB5600E8874F /* FilmoGraphUITestsLaunchTests.swift in Sources */ = {isa = PBXBuildFile; fileRef = 096898632858DB5600E8874F /* FilmoGraphUITestsLaunchTests.swift */; };
		096898712858DCD800E8874F /* NetworkTest.swift in Sources */ = {isa = PBXBuildFile; fileRef = 096898702858DCD800E8874F /* NetworkTest.swift */; };
		096898732858FBA300E8874F /* MainTableViewModel.swift in Sources */ = {isa = PBXBuildFile; fileRef = 096898722858FBA300E8874F /* MainTableViewModel.swift */; };
		096898762858FF4300E8874F /* GameModel.swift in Sources */ = {isa = PBXBuildFile; fileRef = 096898752858FF4300E8874F /* GameModel.swift */; };
		0968987A285A319E00E8874F /* Cell.swift in Sources */ = {isa = PBXBuildFile; fileRef = 09689879285A319E00E8874F /* Cell.swift */; };
		0968987C285A31C900E8874F /* CellViewModel.swift in Sources */ = {isa = PBXBuildFile; fileRef = 0968987B285A31C900E8874F /* CellViewModel.swift */; };
/* End PBXBuildFile section */

/* Begin PBXContainerItemProxy section */
		096898542858DB5600E8874F /* PBXContainerItemProxy */ = {
			isa = PBXContainerItemProxy;
			containerPortal = 096898352858DB5400E8874F /* Project object */;
			proxyType = 1;
			remoteGlobalIDString = 0968983C2858DB5400E8874F;
			remoteInfo = FilmoGraph;
		};
		0968985E2858DB5600E8874F /* PBXContainerItemProxy */ = {
			isa = PBXContainerItemProxy;
			containerPortal = 096898352858DB5400E8874F /* Project object */;
			proxyType = 1;
			remoteGlobalIDString = 0968983C2858DB5400E8874F;
			remoteInfo = FilmoGraph;
		};
/* End PBXContainerItemProxy section */

/* Begin PBXFileReference section */
		0921DF4E285B3A4B00EFDAF7 /* CacheImage.swift */ = {isa = PBXFileReference; lastKnownFileType = sourcecode.swift; path = CacheImage.swift; sourceTree = "<group>"; };
		0921DF51285CD1EA00EFDAF7 /* CacheWork.swift */ = {isa = PBXFileReference; lastKnownFileType = sourcecode.swift; path = CacheWork.swift; sourceTree = "<group>"; };
		0921DF53285CD20D00EFDAF7 /* ObservableBox.swift */ = {isa = PBXFileReference; lastKnownFileType = sourcecode.swift; path = ObservableBox.swift; sourceTree = "<group>"; };
		0921DF55285CD31700EFDAF7 /* LoadingCell.swift */ = {isa = PBXFileReference; lastKnownFileType = sourcecode.swift; path = LoadingCell.swift; sourceTree = "<group>"; };
		0921DF59285F587900EFDAF7 /* DetailGameViewController.swift */ = {isa = PBXFileReference; lastKnownFileType = sourcecode.swift; path = DetailGameViewController.swift; sourceTree = "<group>"; };
		0921DF5C2860FF6D00EFDAF7 /* DetailGameViewModel.swift */ = {isa = PBXFileReference; lastKnownFileType = sourcecode.swift; path = DetailGameViewModel.swift; sourceTree = "<group>"; };
		0921DF5E2860FF7900EFDAF7 /* DetailGameViewModelProtocol.swift */ = {isa = PBXFileReference; lastKnownFileType = sourcecode.swift; path = DetailGameViewModelProtocol.swift; sourceTree = "<group>"; };
		0921DF612863116A00EFDAF7 /* MainTableViewModelProtocol.swift */ = {isa = PBXFileReference; lastKnownFileType = sourcecode.swift; path = MainTableViewModelProtocol.swift; sourceTree = "<group>"; };
		0921DF63286311B400EFDAF7 /* CellViewModelProtocol.swift */ = {isa = PBXFileReference; lastKnownFileType = sourcecode.swift; path = CellViewModelProtocol.swift; sourceTree = "<group>"; };
		0968983D2858DB5400E8874F /* FilmoGraph.app */ = {isa = PBXFileReference; explicitFileType = wrapper.application; includeInIndex = 0; path = FilmoGraph.app; sourceTree = BUILT_PRODUCTS_DIR; };
		096898402858DB5500E8874F /* AppDelegate.swift */ = {isa = PBXFileReference; lastKnownFileType = sourcecode.swift; path = AppDelegate.swift; sourceTree = "<group>"; };
		096898422858DB5500E8874F /* SceneDelegate.swift */ = {isa = PBXFileReference; lastKnownFileType = sourcecode.swift; path = SceneDelegate.swift; sourceTree = "<group>"; };
		096898442858DB5500E8874F /* MainTableViewController.swift */ = {isa = PBXFileReference; lastKnownFileType = sourcecode.swift; path = MainTableViewController.swift; sourceTree = "<group>"; };
		096898492858DB5600E8874F /* Assets.xcassets */ = {isa = PBXFileReference; lastKnownFileType = folder.assetcatalog; path = Assets.xcassets; sourceTree = "<group>"; };
		0968984C2858DB5600E8874F /* Base */ = {isa = PBXFileReference; lastKnownFileType = file.storyboard; name = Base; path = Base.lproj/LaunchScreen.storyboard; sourceTree = "<group>"; };
		0968984E2858DB5600E8874F /* Info.plist */ = {isa = PBXFileReference; lastKnownFileType = text.plist.xml; path = Info.plist; sourceTree = "<group>"; };
		096898532858DB5600E8874F /* FilmoGraphTests.xctest */ = {isa = PBXFileReference; explicitFileType = wrapper.cfbundle; includeInIndex = 0; path = FilmoGraphTests.xctest; sourceTree = BUILT_PRODUCTS_DIR; };
		096898572858DB5600E8874F /* FilmoGraphTests.swift */ = {isa = PBXFileReference; lastKnownFileType = sourcecode.swift; path = FilmoGraphTests.swift; sourceTree = "<group>"; };
		0968985D2858DB5600E8874F /* FilmoGraphUITests.xctest */ = {isa = PBXFileReference; explicitFileType = wrapper.cfbundle; includeInIndex = 0; path = FilmoGraphUITests.xctest; sourceTree = BUILT_PRODUCTS_DIR; };
		096898612858DB5600E8874F /* FilmoGraphUITests.swift */ = {isa = PBXFileReference; lastKnownFileType = sourcecode.swift; path = FilmoGraphUITests.swift; sourceTree = "<group>"; };
		096898632858DB5600E8874F /* FilmoGraphUITestsLaunchTests.swift */ = {isa = PBXFileReference; lastKnownFileType = sourcecode.swift; path = FilmoGraphUITestsLaunchTests.swift; sourceTree = "<group>"; };
		096898702858DCD800E8874F /* NetworkTest.swift */ = {isa = PBXFileReference; lastKnownFileType = sourcecode.swift; path = NetworkTest.swift; sourceTree = "<group>"; };
		096898722858FBA300E8874F /* MainTableViewModel.swift */ = {isa = PBXFileReference; lastKnownFileType = sourcecode.swift; path = MainTableViewModel.swift; sourceTree = "<group>"; };
		096898752858FF4300E8874F /* GameModel.swift */ = {isa = PBXFileReference; lastKnownFileType = sourcecode.swift; path = GameModel.swift; sourceTree = "<group>"; };
		09689879285A319E00E8874F /* Cell.swift */ = {isa = PBXFileReference; lastKnownFileType = sourcecode.swift; path = Cell.swift; sourceTree = "<group>"; };
		0968987B285A31C900E8874F /* CellViewModel.swift */ = {isa = PBXFileReference; lastKnownFileType = sourcecode.swift; path = CellViewModel.swift; sourceTree = "<group>"; };
/* End PBXFileReference section */

/* Begin PBXFrameworksBuildPhase section */
		0968983A2858DB5400E8874F /* Frameworks */ = {
			isa = PBXFrameworksBuildPhase;
			buildActionMask = 2147483647;
			files = (
			);
			runOnlyForDeploymentPostprocessing = 0;
		};
		096898502858DB5600E8874F /* Frameworks */ = {
			isa = PBXFrameworksBuildPhase;
			buildActionMask = 2147483647;
			files = (
			);
			runOnlyForDeploymentPostprocessing = 0;
		};
		0968985A2858DB5600E8874F /* Frameworks */ = {
			isa = PBXFrameworksBuildPhase;
			buildActionMask = 2147483647;
			files = (
			);
			runOnlyForDeploymentPostprocessing = 0;
		};
/* End PBXFrameworksBuildPhase section */

/* Begin PBXGroup section */
		0921DF50285CD1B300EFDAF7 /* SomeGlobalProperties */ = {
			isa = PBXGroup;
			children = (
				0921DF4E285B3A4B00EFDAF7 /* CacheImage.swift */,
				096898702858DCD800E8874F /* NetworkTest.swift */,
				0921DF51285CD1EA00EFDAF7 /* CacheWork.swift */,
				0921DF53285CD20D00EFDAF7 /* ObservableBox.swift */,
			);
			path = SomeGlobalProperties;
			sourceTree = "<group>";
		};
		0921DF5B2860FF5600EFDAF7 /* DetailGame */ = {
			isa = PBXGroup;
			children = (
				0921DF59285F587900EFDAF7 /* DetailGameViewController.swift */,
				0921DF5C2860FF6D00EFDAF7 /* DetailGameViewModel.swift */,
				0921DF5E2860FF7900EFDAF7 /* DetailGameViewModelProtocol.swift */,
			);
			path = DetailGame;
			sourceTree = "<group>";
		};
		0921DF602862427700EFDAF7 /* Others */ = {
			isa = PBXGroup;
			children = (
				0921DF55285CD31700EFDAF7 /* LoadingCell.swift */,
				096898422858DB5500E8874F /* SceneDelegate.swift */,
				096898402858DB5500E8874F /* AppDelegate.swift */,
			);
			path = Others;
			sourceTree = "<group>";
		};
		096898342858DB5400E8874F = {
			isa = PBXGroup;
			children = (
				0968983F2858DB5500E8874F /* FilmoGraph */,
				096898562858DB5600E8874F /* FilmoGraphTests */,
				096898602858DB5600E8874F /* FilmoGraphUITests */,
				0968983E2858DB5400E8874F /* Products */,
			);
			sourceTree = "<group>";
		};
		0968983E2858DB5400E8874F /* Products */ = {
			isa = PBXGroup;
			children = (
				0968983D2858DB5400E8874F /* FilmoGraph.app */,
				096898532858DB5600E8874F /* FilmoGraphTests.xctest */,
				0968985D2858DB5600E8874F /* FilmoGraphUITests.xctest */,
			);
			name = Products;
			sourceTree = "<group>";
		};
		0968983F2858DB5500E8874F /* FilmoGraph */ = {
			isa = PBXGroup;
			children = (
				0921DF50285CD1B300EFDAF7 /* SomeGlobalProperties */,
				0921DF602862427700EFDAF7 /* Others */,
				0921DF5B2860FF5600EFDAF7 /* DetailGame */,
				09689878285A317E00E8874F /* Cell */,
				09689877285A316D00E8874F /* MainTableView */,
				096898742858FF3500E8874F /* Models */,
				096898492858DB5600E8874F /* Assets.xcassets */,
				0968984B2858DB5600E8874F /* LaunchScreen.storyboard */,
				0968984E2858DB5600E8874F /* Info.plist */,
			);
			path = FilmoGraph;
			sourceTree = "<group>";
		};
		096898562858DB5600E8874F /* FilmoGraphTests */ = {
			isa = PBXGroup;
			children = (
				096898572858DB5600E8874F /* FilmoGraphTests.swift */,
			);
			path = FilmoGraphTests;
			sourceTree = "<group>";
		};
		096898602858DB5600E8874F /* FilmoGraphUITests */ = {
			isa = PBXGroup;
			children = (
				096898612858DB5600E8874F /* FilmoGraphUITests.swift */,
				096898632858DB5600E8874F /* FilmoGraphUITestsLaunchTests.swift */,
			);
			path = FilmoGraphUITests;
			sourceTree = "<group>";
		};
		096898742858FF3500E8874F /* Models */ = {
			isa = PBXGroup;
			children = (
				096898752858FF4300E8874F /* GameModel.swift */,
			);
			path = Models;
			sourceTree = "<group>";
		};
		09689877285A316D00E8874F /* MainTableView */ = {
			isa = PBXGroup;
			children = (
				096898442858DB5500E8874F /* MainTableViewController.swift */,
				096898722858FBA300E8874F /* MainTableViewModel.swift */,
				0921DF612863116A00EFDAF7 /* MainTableViewModelProtocol.swift */,
			);
			path = MainTableView;
			sourceTree = "<group>";
		};
		09689878285A317E00E8874F /* Cell */ = {
			isa = PBXGroup;
			children = (
				09689879285A319E00E8874F /* Cell.swift */,
				0968987B285A31C900E8874F /* CellViewModel.swift */,
				0921DF63286311B400EFDAF7 /* CellViewModelProtocol.swift */,
			);
			path = Cell;
			sourceTree = "<group>";
		};
/* End PBXGroup section */

/* Begin PBXNativeTarget section */
		0968983C2858DB5400E8874F /* FilmoGraph */ = {
			isa = PBXNativeTarget;
			buildConfigurationList = 096898672858DB5600E8874F /* Build configuration list for PBXNativeTarget "FilmoGraph" */;
			buildPhases = (
				096898392858DB5400E8874F /* Sources */,
				0968983A2858DB5400E8874F /* Frameworks */,
				0968983B2858DB5400E8874F /* Resources */,
			);
			buildRules = (
			);
			dependencies = (
			);
			name = FilmoGraph;
			productName = FilmoGraph;
			productReference = 0968983D2858DB5400E8874F /* FilmoGraph.app */;
			productType = "com.apple.product-type.application";
		};
		096898522858DB5600E8874F /* FilmoGraphTests */ = {
			isa = PBXNativeTarget;
			buildConfigurationList = 0968986A2858DB5600E8874F /* Build configuration list for PBXNativeTarget "FilmoGraphTests" */;
			buildPhases = (
				0968984F2858DB5600E8874F /* Sources */,
				096898502858DB5600E8874F /* Frameworks */,
				096898512858DB5600E8874F /* Resources */,
			);
			buildRules = (
			);
			dependencies = (
				096898552858DB5600E8874F /* PBXTargetDependency */,
			);
			name = FilmoGraphTests;
			productName = FilmoGraphTests;
			productReference = 096898532858DB5600E8874F /* FilmoGraphTests.xctest */;
			productType = "com.apple.product-type.bundle.unit-test";
		};
		0968985C2858DB5600E8874F /* FilmoGraphUITests */ = {
			isa = PBXNativeTarget;
			buildConfigurationList = 0968986D2858DB5600E8874F /* Build configuration list for PBXNativeTarget "FilmoGraphUITests" */;
			buildPhases = (
				096898592858DB5600E8874F /* Sources */,
				0968985A2858DB5600E8874F /* Frameworks */,
				0968985B2858DB5600E8874F /* Resources */,
			);
			buildRules = (
			);
			dependencies = (
				0968985F2858DB5600E8874F /* PBXTargetDependency */,
			);
			name = FilmoGraphUITests;
			productName = FilmoGraphUITests;
			productReference = 0968985D2858DB5600E8874F /* FilmoGraphUITests.xctest */;
			productType = "com.apple.product-type.bundle.ui-testing";
		};
/* End PBXNativeTarget section */

/* Begin PBXProject section */
		096898352858DB5400E8874F /* Project object */ = {
			isa = PBXProject;
			attributes = {
				BuildIndependentTargetsInParallel = 1;
				LastSwiftUpdateCheck = 1330;
				LastUpgradeCheck = 1330;
				TargetAttributes = {
					0968983C2858DB5400E8874F = {
						CreatedOnToolsVersion = 13.3.1;
					};
					096898522858DB5600E8874F = {
						CreatedOnToolsVersion = 13.3.1;
						TestTargetID = 0968983C2858DB5400E8874F;
					};
					0968985C2858DB5600E8874F = {
						CreatedOnToolsVersion = 13.3.1;
						TestTargetID = 0968983C2858DB5400E8874F;
					};
				};
			};
			buildConfigurationList = 096898382858DB5400E8874F /* Build configuration list for PBXProject "FilmoGraph" */;
			compatibilityVersion = "Xcode 13.0";
			developmentRegion = en;
			hasScannedForEncodings = 0;
			knownRegions = (
				en,
				Base,
			);
			mainGroup = 096898342858DB5400E8874F;
			productRefGroup = 0968983E2858DB5400E8874F /* Products */;
			projectDirPath = "";
			projectRoot = "";
			targets = (
				0968983C2858DB5400E8874F /* FilmoGraph */,
				096898522858DB5600E8874F /* FilmoGraphTests */,
				0968985C2858DB5600E8874F /* FilmoGraphUITests */,
			);
		};
/* End PBXProject section */

/* Begin PBXResourcesBuildPhase section */
		0968983B2858DB5400E8874F /* Resources */ = {
			isa = PBXResourcesBuildPhase;
			buildActionMask = 2147483647;
			files = (
				0968984D2858DB5600E8874F /* LaunchScreen.storyboard in Resources */,
				0968984A2858DB5600E8874F /* Assets.xcassets in Resources */,
			);
			runOnlyForDeploymentPostprocessing = 0;
		};
		096898512858DB5600E8874F /* Resources */ = {
			isa = PBXResourcesBuildPhase;
			buildActionMask = 2147483647;
			files = (
			);
			runOnlyForDeploymentPostprocessing = 0;
		};
		0968985B2858DB5600E8874F /* Resources */ = {
			isa = PBXResourcesBuildPhase;
			buildActionMask = 2147483647;
			files = (
			);
			runOnlyForDeploymentPostprocessing = 0;
		};
/* End PBXResourcesBuildPhase section */

/* Begin PBXSourcesBuildPhase section */
		096898392858DB5400E8874F /* Sources */ = {
			isa = PBXSourcesBuildPhase;
			buildActionMask = 2147483647;
			files = (
				096898452858DB5500E8874F /* MainTableViewController.swift in Sources */,
				096898412858DB5500E8874F /* AppDelegate.swift in Sources */,
				0968987C285A31C900E8874F /* CellViewModel.swift in Sources */,
				0921DF52285CD1EA00EFDAF7 /* CacheWork.swift in Sources */,
				0921DF54285CD20D00EFDAF7 /* ObservableBox.swift in Sources */,
				0921DF5F2860FF7900EFDAF7 /* DetailGameViewModelProtocol.swift in Sources */,
				0921DF4F285B3A4B00EFDAF7 /* CacheImage.swift in Sources */,
				0921DF56285CD31700EFDAF7 /* LoadingCell.swift in Sources */,
				0968987A285A319E00E8874F /* Cell.swift in Sources */,
				0921DF5D2860FF6D00EFDAF7 /* DetailGameViewModel.swift in Sources */,
				0921DF64286311B400EFDAF7 /* CellViewModelProtocol.swift in Sources */,
				096898712858DCD800E8874F /* NetworkTest.swift in Sources */,
				096898432858DB5500E8874F /* SceneDelegate.swift in Sources */,
				0921DF622863116A00EFDAF7 /* MainTableViewModelProtocol.swift in Sources */,
				0921DF5A285F587900EFDAF7 /* DetailGameViewController.swift in Sources */,
				096898732858FBA300E8874F /* MainTableViewModel.swift in Sources */,
				096898762858FF4300E8874F /* GameModel.swift in Sources */,
			);
			runOnlyForDeploymentPostprocessing = 0;
		};
		0968984F2858DB5600E8874F /* Sources */ = {
			isa = PBXSourcesBuildPhase;
			buildActionMask = 2147483647;
			files = (
				096898582858DB5600E8874F /* FilmoGraphTests.swift in Sources */,
			);
			runOnlyForDeploymentPostprocessing = 0;
		};
		096898592858DB5600E8874F /* Sources */ = {
			isa = PBXSourcesBuildPhase;
			buildActionMask = 2147483647;
			files = (
				096898622858DB5600E8874F /* FilmoGraphUITests.swift in Sources */,
				096898642858DB5600E8874F /* FilmoGraphUITestsLaunchTests.swift in Sources */,
			);
			runOnlyForDeploymentPostprocessing = 0;
		};
/* End PBXSourcesBuildPhase section */

/* Begin PBXTargetDependency section */
		096898552858DB5600E8874F /* PBXTargetDependency */ = {
			isa = PBXTargetDependency;
			target = 0968983C2858DB5400E8874F /* FilmoGraph */;
			targetProxy = 096898542858DB5600E8874F /* PBXContainerItemProxy */;
		};
		0968985F2858DB5600E8874F /* PBXTargetDependency */ = {
			isa = PBXTargetDependency;
			target = 0968983C2858DB5400E8874F /* FilmoGraph */;
			targetProxy = 0968985E2858DB5600E8874F /* PBXContainerItemProxy */;
		};
/* End PBXTargetDependency section */

/* Begin PBXVariantGroup section */
		0968984B2858DB5600E8874F /* LaunchScreen.storyboard */ = {
			isa = PBXVariantGroup;
			children = (
				0968984C2858DB5600E8874F /* Base */,
			);
			name = LaunchScreen.storyboard;
			sourceTree = "<group>";
		};
/* End PBXVariantGroup section */

/* Begin XCBuildConfiguration section */
		096898652858DB5600E8874F /* Debug */ = {
			isa = XCBuildConfiguration;
			buildSettings = {
				ALWAYS_SEARCH_USER_PATHS = NO;
				CLANG_ANALYZER_NONNULL = YES;
				CLANG_ANALYZER_NUMBER_OBJECT_CONVERSION = YES_AGGRESSIVE;
				CLANG_CXX_LANGUAGE_STANDARD = "gnu++17";
				CLANG_ENABLE_MODULES = YES;
				CLANG_ENABLE_OBJC_ARC = YES;
				CLANG_ENABLE_OBJC_WEAK = YES;
				CLANG_WARN_BLOCK_CAPTURE_AUTORELEASING = YES;
				CLANG_WARN_BOOL_CONVERSION = YES;
				CLANG_WARN_COMMA = YES;
				CLANG_WARN_CONSTANT_CONVERSION = YES;
				CLANG_WARN_DEPRECATED_OBJC_IMPLEMENTATIONS = YES;
				CLANG_WARN_DIRECT_OBJC_ISA_USAGE = YES_ERROR;
				CLANG_WARN_DOCUMENTATION_COMMENTS = YES;
				CLANG_WARN_EMPTY_BODY = YES;
				CLANG_WARN_ENUM_CONVERSION = YES;
				CLANG_WARN_INFINITE_RECURSION = YES;
				CLANG_WARN_INT_CONVERSION = YES;
				CLANG_WARN_NON_LITERAL_NULL_CONVERSION = YES;
				CLANG_WARN_OBJC_IMPLICIT_RETAIN_SELF = YES;
				CLANG_WARN_OBJC_LITERAL_CONVERSION = YES;
				CLANG_WARN_OBJC_ROOT_CLASS = YES_ERROR;
				CLANG_WARN_QUOTED_INCLUDE_IN_FRAMEWORK_HEADER = YES;
				CLANG_WARN_RANGE_LOOP_ANALYSIS = YES;
				CLANG_WARN_STRICT_PROTOTYPES = YES;
				CLANG_WARN_SUSPICIOUS_MOVE = YES;
				CLANG_WARN_UNGUARDED_AVAILABILITY = YES_AGGRESSIVE;
				CLANG_WARN_UNREACHABLE_CODE = YES;
				CLANG_WARN__DUPLICATE_METHOD_MATCH = YES;
				COPY_PHASE_STRIP = NO;
				DEBUG_INFORMATION_FORMAT = dwarf;
				ENABLE_STRICT_OBJC_MSGSEND = YES;
				ENABLE_TESTABILITY = YES;
				GCC_C_LANGUAGE_STANDARD = gnu11;
				GCC_DYNAMIC_NO_PIC = NO;
				GCC_NO_COMMON_BLOCKS = YES;
				GCC_OPTIMIZATION_LEVEL = 0;
				GCC_PREPROCESSOR_DEFINITIONS = (
					"DEBUG=1",
					"$(inherited)",
				);
				GCC_WARN_64_TO_32_BIT_CONVERSION = YES;
				GCC_WARN_ABOUT_RETURN_TYPE = YES_ERROR;
				GCC_WARN_UNDECLARED_SELECTOR = YES;
				GCC_WARN_UNINITIALIZED_AUTOS = YES_AGGRESSIVE;
				GCC_WARN_UNUSED_FUNCTION = YES;
				GCC_WARN_UNUSED_VARIABLE = YES;
				IPHONEOS_DEPLOYMENT_TARGET = 15.4;
				MTL_ENABLE_DEBUG_INFO = INCLUDE_SOURCE;
				MTL_FAST_MATH = YES;
				ONLY_ACTIVE_ARCH = YES;
				SDKROOT = iphoneos;
				SWIFT_ACTIVE_COMPILATION_CONDITIONS = DEBUG;
				SWIFT_OPTIMIZATION_LEVEL = "-Onone";
			};
			name = Debug;
		};
		096898662858DB5600E8874F /* Release */ = {
			isa = XCBuildConfiguration;
			buildSettings = {
				ALWAYS_SEARCH_USER_PATHS = NO;
				CLANG_ANALYZER_NONNULL = YES;
				CLANG_ANALYZER_NUMBER_OBJECT_CONVERSION = YES_AGGRESSIVE;
				CLANG_CXX_LANGUAGE_STANDARD = "gnu++17";
				CLANG_ENABLE_MODULES = YES;
				CLANG_ENABLE_OBJC_ARC = YES;
				CLANG_ENABLE_OBJC_WEAK = YES;
				CLANG_WARN_BLOCK_CAPTURE_AUTORELEASING = YES;
				CLANG_WARN_BOOL_CONVERSION = YES;
				CLANG_WARN_COMMA = YES;
				CLANG_WARN_CONSTANT_CONVERSION = YES;
				CLANG_WARN_DEPRECATED_OBJC_IMPLEMENTATIONS = YES;
				CLANG_WARN_DIRECT_OBJC_ISA_USAGE = YES_ERROR;
				CLANG_WARN_DOCUMENTATION_COMMENTS = YES;
				CLANG_WARN_EMPTY_BODY = YES;
				CLANG_WARN_ENUM_CONVERSION = YES;
				CLANG_WARN_INFINITE_RECURSION = YES;
				CLANG_WARN_INT_CONVERSION = YES;
				CLANG_WARN_NON_LITERAL_NULL_CONVERSION = YES;
				CLANG_WARN_OBJC_IMPLICIT_RETAIN_SELF = YES;
				CLANG_WARN_OBJC_LITERAL_CONVERSION = YES;
				CLANG_WARN_OBJC_ROOT_CLASS = YES_ERROR;
				CLANG_WARN_QUOTED_INCLUDE_IN_FRAMEWORK_HEADER = YES;
				CLANG_WARN_RANGE_LOOP_ANALYSIS = YES;
				CLANG_WARN_STRICT_PROTOTYPES = YES;
				CLANG_WARN_SUSPICIOUS_MOVE = YES;
				CLANG_WARN_UNGUARDED_AVAILABILITY = YES_AGGRESSIVE;
				CLANG_WARN_UNREACHABLE_CODE = YES;
				CLANG_WARN__DUPLICATE_METHOD_MATCH = YES;
				COPY_PHASE_STRIP = NO;
				DEBUG_INFORMATION_FORMAT = "dwarf-with-dsym";
				ENABLE_NS_ASSERTIONS = NO;
				ENABLE_STRICT_OBJC_MSGSEND = YES;
				GCC_C_LANGUAGE_STANDARD = gnu11;
				GCC_NO_COMMON_BLOCKS = YES;
				GCC_WARN_64_TO_32_BIT_CONVERSION = YES;
				GCC_WARN_ABOUT_RETURN_TYPE = YES_ERROR;
				GCC_WARN_UNDECLARED_SELECTOR = YES;
				GCC_WARN_UNINITIALIZED_AUTOS = YES_AGGRESSIVE;
				GCC_WARN_UNUSED_FUNCTION = YES;
				GCC_WARN_UNUSED_VARIABLE = YES;
				IPHONEOS_DEPLOYMENT_TARGET = 15.4;
				MTL_ENABLE_DEBUG_INFO = NO;
				MTL_FAST_MATH = YES;
				SDKROOT = iphoneos;
				SWIFT_COMPILATION_MODE = wholemodule;
				SWIFT_OPTIMIZATION_LEVEL = "-O";
				VALIDATE_PRODUCT = YES;
			};
			name = Release;
		};
		096898682858DB5600E8874F /* Debug */ = {
			isa = XCBuildConfiguration;
			buildSettings = {
				ASSETCATALOG_COMPILER_APPICON_NAME = AppIcon;
				ASSETCATALOG_COMPILER_GLOBAL_ACCENT_COLOR_NAME = AccentColor;
				CODE_SIGN_STYLE = Automatic;
				CURRENT_PROJECT_VERSION = 1;
				DEVELOPMENT_TEAM = JM2LZTGHNA;
				GENERATE_INFOPLIST_FILE = YES;
				INFOPLIST_FILE = FilmoGraph/Info.plist;
				INFOPLIST_KEY_UIApplicationSupportsIndirectInputEvents = YES;
				INFOPLIST_KEY_UILaunchStoryboardName = LaunchScreen;
				INFOPLIST_KEY_UISupportedInterfaceOrientations_iPad = "UIInterfaceOrientationPortrait UIInterfaceOrientationPortraitUpsideDown UIInterfaceOrientationLandscapeLeft UIInterfaceOrientationLandscapeRight";
				INFOPLIST_KEY_UISupportedInterfaceOrientations_iPhone = "UIInterfaceOrientationPortrait UIInterfaceOrientationLandscapeLeft UIInterfaceOrientationLandscapeRight";
				LD_RUNPATH_SEARCH_PATHS = (
					"$(inherited)",
					"@executable_path/Frameworks",
				);
				MARKETING_VERSION = 1.0;
				PRODUCT_BUNDLE_IDENTIFIER = com.swiftBook.FilmoGraph;
				PRODUCT_NAME = "$(TARGET_NAME)";
				SWIFT_EMIT_LOC_STRINGS = YES;
				SWIFT_VERSION = 5.0;
				TARGETED_DEVICE_FAMILY = "1,2";
			};
			name = Debug;
		};
		096898692858DB5600E8874F /* Release */ = {
			isa = XCBuildConfiguration;
			buildSettings = {
				ASSETCATALOG_COMPILER_APPICON_NAME = AppIcon;
				ASSETCATALOG_COMPILER_GLOBAL_ACCENT_COLOR_NAME = AccentColor;
				CODE_SIGN_STYLE = Automatic;
				CURRENT_PROJECT_VERSION = 1;
				DEVELOPMENT_TEAM = JM2LZTGHNA;
				GENERATE_INFOPLIST_FILE = YES;
				INFOPLIST_FILE = FilmoGraph/Info.plist;
				INFOPLIST_KEY_UIApplicationSupportsIndirectInputEvents = YES;
				INFOPLIST_KEY_UILaunchStoryboardName = LaunchScreen;
				INFOPLIST_KEY_UISupportedInterfaceOrientations_iPad = "UIInterfaceOrientationPortrait UIInterfaceOrientationPortraitUpsideDown UIInterfaceOrientationLandscapeLeft UIInterfaceOrientationLandscapeRight";
				INFOPLIST_KEY_UISupportedInterfaceOrientations_iPhone = "UIInterfaceOrientationPortrait UIInterfaceOrientationLandscapeLeft UIInterfaceOrientationLandscapeRight";
				LD_RUNPATH_SEARCH_PATHS = (
					"$(inherited)",
					"@executable_path/Frameworks",
				);
				MARKETING_VERSION = 1.0;
				PRODUCT_BUNDLE_IDENTIFIER = com.swiftBook.FilmoGraph;
				PRODUCT_NAME = "$(TARGET_NAME)";
				SWIFT_EMIT_LOC_STRINGS = YES;
				SWIFT_VERSION = 5.0;
				TARGETED_DEVICE_FAMILY = "1,2";
			};
			name = Release;
		};
		0968986B2858DB5600E8874F /* Debug */ = {
			isa = XCBuildConfiguration;
			buildSettings = {
				ALWAYS_EMBED_SWIFT_STANDARD_LIBRARIES = YES;
				BUNDLE_LOADER = "$(TEST_HOST)";
				CODE_SIGN_STYLE = Automatic;
				CURRENT_PROJECT_VERSION = 1;
				DEVELOPMENT_TEAM = JM2LZTGHNA;
				GENERATE_INFOPLIST_FILE = YES;
				IPHONEOS_DEPLOYMENT_TARGET = 15.4;
				MARKETING_VERSION = 1.0;
				PRODUCT_BUNDLE_IDENTIFIER = com.swiftBook.FilmoGraphTests;
				PRODUCT_NAME = "$(TARGET_NAME)";
				SWIFT_EMIT_LOC_STRINGS = NO;
				SWIFT_VERSION = 5.0;
				TARGETED_DEVICE_FAMILY = "1,2";
				TEST_HOST = "$(BUILT_PRODUCTS_DIR)/FilmoGraph.app/FilmoGraph";
			};
			name = Debug;
		};
		0968986C2858DB5600E8874F /* Release */ = {
			isa = XCBuildConfiguration;
			buildSettings = {
				ALWAYS_EMBED_SWIFT_STANDARD_LIBRARIES = YES;
				BUNDLE_LOADER = "$(TEST_HOST)";
				CODE_SIGN_STYLE = Automatic;
				CURRENT_PROJECT_VERSION = 1;
				DEVELOPMENT_TEAM = JM2LZTGHNA;
				GENERATE_INFOPLIST_FILE = YES;
				IPHONEOS_DEPLOYMENT_TARGET = 15.4;
				MARKETING_VERSION = 1.0;
				PRODUCT_BUNDLE_IDENTIFIER = com.swiftBook.FilmoGraphTests;
				PRODUCT_NAME = "$(TARGET_NAME)";
				SWIFT_EMIT_LOC_STRINGS = NO;
				SWIFT_VERSION = 5.0;
				TARGETED_DEVICE_FAMILY = "1,2";
				TEST_HOST = "$(BUILT_PRODUCTS_DIR)/FilmoGraph.app/FilmoGraph";
			};
			name = Release;
		};
		0968986E2858DB5600E8874F /* Debug */ = {
			isa = XCBuildConfiguration;
			buildSettings = {
				ALWAYS_EMBED_SWIFT_STANDARD_LIBRARIES = YES;
				CODE_SIGN_STYLE = Automatic;
				CURRENT_PROJECT_VERSION = 1;
				DEVELOPMENT_TEAM = JM2LZTGHNA;
				GENERATE_INFOPLIST_FILE = YES;
				MARKETING_VERSION = 1.0;
				PRODUCT_BUNDLE_IDENTIFIER = com.swiftBook.FilmoGraphUITests;
				PRODUCT_NAME = "$(TARGET_NAME)";
				SWIFT_EMIT_LOC_STRINGS = NO;
				SWIFT_VERSION = 5.0;
				TARGETED_DEVICE_FAMILY = "1,2";
				TEST_TARGET_NAME = FilmoGraph;
			};
			name = Debug;
		};
		0968986F2858DB5600E8874F /* Release */ = {
			isa = XCBuildConfiguration;
			buildSettings = {
				ALWAYS_EMBED_SWIFT_STANDARD_LIBRARIES = YES;
				CODE_SIGN_STYLE = Automatic;
				CURRENT_PROJECT_VERSION = 1;
				DEVELOPMENT_TEAM = JM2LZTGHNA;
				GENERATE_INFOPLIST_FILE = YES;
				MARKETING_VERSION = 1.0;
				PRODUCT_BUNDLE_IDENTIFIER = com.swiftBook.FilmoGraphUITests;
				PRODUCT_NAME = "$(TARGET_NAME)";
				SWIFT_EMIT_LOC_STRINGS = NO;
				SWIFT_VERSION = 5.0;
				TARGETED_DEVICE_FAMILY = "1,2";
				TEST_TARGET_NAME = FilmoGraph;
			};
			name = Release;
		};
/* End XCBuildConfiguration section */

/* Begin XCConfigurationList section */
		096898382858DB5400E8874F /* Build configuration list for PBXProject "FilmoGraph" */ = {
			isa = XCConfigurationList;
			buildConfigurations = (
				096898652858DB5600E8874F /* Debug */,
				096898662858DB5600E8874F /* Release */,
			);
			defaultConfigurationIsVisible = 0;
			defaultConfigurationName = Release;
		};
		096898672858DB5600E8874F /* Build configuration list for PBXNativeTarget "FilmoGraph" */ = {
			isa = XCConfigurationList;
			buildConfigurations = (
				096898682858DB5600E8874F /* Debug */,
				096898692858DB5600E8874F /* Release */,
			);
			defaultConfigurationIsVisible = 0;
			defaultConfigurationName = Release;
		};
		0968986A2858DB5600E8874F /* Build configuration list for PBXNativeTarget "FilmoGraphTests" */ = {
			isa = XCConfigurationList;
			buildConfigurations = (
				0968986B2858DB5600E8874F /* Debug */,
				0968986C2858DB5600E8874F /* Release */,
			);
			defaultConfigurationIsVisible = 0;
			defaultConfigurationName = Release;
		};
		0968986D2858DB5600E8874F /* Build configuration list for PBXNativeTarget "FilmoGraphUITests" */ = {
			isa = XCConfigurationList;
			buildConfigurations = (
				0968986E2858DB5600E8874F /* Debug */,
				0968986F2858DB5600E8874F /* Release */,
			);
			defaultConfigurationIsVisible = 0;
			defaultConfigurationName = Release;
		};
/* End XCConfigurationList section */
	};
	rootObject = 096898352858DB5400E8874F /* Project object */;
}
